{
  "version": "3",
  "packages": {
    "specifiers": {
      "npm:nexus": "npm:nexus@1.3.0_graphql@16.8.1"
    },
    "npm": {
      "graphql@16.8.1": {
        "integrity": "sha512-59LZHPdGZVh695Ud9lRzPBVTtlX9ZCV150Er2W43ro37wVof0ctenSaskPPjN7lVTIN8mSZt8PHUNKZuNQUuxw==",
        "dependencies": {}
      },
      "iterall@1.3.0": {
        "integrity": "sha512-QZ9qOMdF+QLHxy1QIpUHUU1D5pS2CG2P69LF6L6CPjPYA/XMOmKV3PZpawHoAjHNyB0swdVTRxdYT4tbBbxqwg==",
        "dependencies": {}
      },
      "nexus@1.3.0_graphql@16.8.1": {
        "integrity": "sha512-w/s19OiNOs0LrtP7pBmD9/FqJHvZLmCipVRt6v1PM8cRUYIbhEswyNKGHVoC4eHZGPSnD+bOf5A3+gnbt0A5/A==",
        "dependencies": {
          "graphql": "graphql@16.8.1",
          "iterall": "iterall@1.3.0",
          "tslib": "tslib@2.6.2"
        }
      },
      "tslib@2.6.2": {
        "integrity": "sha512-AEYxH93jGFPn/a2iVAwW87VuUIkR1FVUKB77NwMF7nBTDkDrrT/Hpt/IrCJ0QXhW27jTBDcf5ZY7w6RiqTMw2Q==",
        "dependencies": {}
      }
    }
  },
  "remote": {
    "https://cdn.jsdelivr.net/gh/tsirysndr/tar@v0.1.1/deps.ts": "096395daebc7ed8a18f0484e4ffcc3a7f70e50946735f7df9611a7fcfd8272cc",
    "https://cdn.jsdelivr.net/gh/tsirysndr/tar@v0.1.1/mod.ts": "e269d71c72ae68e82c1960e5db2a0c7419c97c9683ef717de0ab75d90f364713",
    "https://cdn.jsdelivr.net/gh/tsirysndr/tar@v0.1.1/src/tar.ts": "9b02eaaa784b225ad7a23d2769cd492adf113ea7c11c02e3646849e98f4ae43b",
    "https://deno.land/std@0.129.0/_util/assert.ts": "e94f2eb37cebd7f199952e242c77654e43333c1ac4c5c700e929ea3aa5489f74",
    "https://deno.land/std@0.129.0/_util/os.ts": "49b92edea1e82ba295ec946de8ffd956ed123e2948d9bd1d3e901b04e4307617",
    "https://deno.land/std@0.129.0/archive/tar.ts": "35ea1baddec7988cc4034765a2cee7613bc8074bd40940d3f5e98f63070a716a",
    "https://deno.land/std@0.129.0/async/abortable.ts": "a896ac6b0d4237bd2d2d248217cfa1f0d85ccda93cb25ebda55e33850e526be6",
    "https://deno.land/std@0.129.0/async/deadline.ts": "48ac998d7564969f3e6ec6b6f9bf0217ebd00239b1b2292feba61272d5dd58d0",
    "https://deno.land/std@0.129.0/async/debounce.ts": "564273ef242bcfcda19a439132f940db8694173abffc159ea34f07d18fc42620",
    "https://deno.land/std@0.129.0/async/deferred.ts": "bc18e28108252c9f67dfca2bbc4587c3cbf3aeb6e155f8c864ca8ecff992b98a",
    "https://deno.land/std@0.129.0/async/delay.ts": "cbbdf1c87d1aed8edc7bae13592fb3e27e3106e0748f089c263390d4f49e5f6c",
    "https://deno.land/std@0.129.0/async/mod.ts": "2240c6841157738414331f47dee09bb8c0482c5b1980b6e3234dd03515c8132f",
    "https://deno.land/std@0.129.0/async/mux_async_iterator.ts": "f4d1d259b0c694d381770ddaaa4b799a94843eba80c17f4a2ec2949168e52d1e",
    "https://deno.land/std@0.129.0/async/pool.ts": "97b0dd27c69544e374df857a40902e74e39532f226005543eabacb551e277082",
    "https://deno.land/std@0.129.0/async/tee.ts": "1341feb1f5b1a96f8628d0f8fc07d8c43d3813423f18a63bf1b4785568d21b1f",
    "https://deno.land/std@0.129.0/bytes/bytes_list.ts": "67eb118e0b7891d2f389dad4add35856f4ad5faab46318ff99653456c23b025d",
    "https://deno.land/std@0.129.0/bytes/equals.ts": "fc16dff2090cced02497f16483de123dfa91e591029f985029193dfaa9d894c9",
    "https://deno.land/std@0.129.0/bytes/mod.ts": "d3b455c0dbd4804644159d1e25946ade5ee385d2359894de49e2c6101b18b7a9",
    "https://deno.land/std@0.129.0/encoding/base64.ts": "c8c16b4adaa60d7a8eee047c73ece26844435e8f7f1328d74593dbb2dd58ea4f",
    "https://deno.land/std@0.129.0/encoding/base64url.ts": "55f9d13df02efac10c6f96169daa3e702606a64e8aa27c0295f645f198c27130",
    "https://deno.land/std@0.129.0/fmt/colors.ts": "30455035d6d728394781c10755351742dd731e3db6771b1843f9b9e490104d37",
    "https://deno.land/std@0.129.0/fmt/printf.ts": "e2c0f72146aed1efecf0c39ab928b26ae493a2278f670a871a0fbdcf36ff3379",
    "https://deno.land/std@0.129.0/fs/_util.ts": "0fb24eb4bfebc2c194fb1afdb42b9c3dda12e368f43e8f2321f84fc77d42cb0f",
    "https://deno.land/std@0.129.0/fs/ensure_dir.ts": "9dc109c27df4098b9fc12d949612ae5c9c7169507660dcf9ad90631833209d9d",
    "https://deno.land/std@0.129.0/fs/ensure_file.ts": "7d353e64fee3d4d1e7c6b6726a2a5e987ba402c15fb49566309042887349c545",
    "https://deno.land/std@0.129.0/io/buffer.ts": "bd0c4bf53db4b4be916ca5963e454bddfd3fcd45039041ea161dbf826817822b",
    "https://deno.land/std@0.129.0/io/files.ts": "d199ef64e918a256320ba8d8d44ae91de87c9077df8f8d6cca013f1b9fbbe285",
    "https://deno.land/std@0.129.0/io/readers.ts": "679471f3b9929b54393c9cd75b6bd178b4bc6d9aab5c0f1f9538f862cf4746fe",
    "https://deno.land/std@0.129.0/io/util.ts": "078da53bba767bec0d45f7da44411f6dbf269e51ef7fcfea5e3714e04681c674",
    "https://deno.land/std@0.129.0/node/_buffer.mjs": "f4a7df481d4eed06dc0151b833177d8ef74fc3a96dd4d2b073e690b6ced9474d",
    "https://deno.land/std@0.129.0/node/_core.ts": "568d277be2e086af996cbdd599fec569f5280e9a494335ca23ad392b130d7bb9",
    "https://deno.land/std@0.129.0/node/_events.mjs": "c0e3e0e290a8b81fee9d2973a529c8dcd5ebb4406782d1f91085274e2cb8490f",
    "https://deno.land/std@0.129.0/node/_fixed_queue.ts": "455b3c484de48e810b13bdf95cd1658ecb1ba6bcb8b9315ffe994efcde3ba5f5",
    "https://deno.land/std@0.129.0/node/_next_tick.ts": "64c361f6bca21df2a72dd77b84bd49d80d97a694dd3080703bc78f52146351d1",
    "https://deno.land/std@0.129.0/node/_process/exiting.ts": "bc9694769139ffc596f962087155a8bfef10101d03423b9dcbc51ce6e1f88fce",
    "https://deno.land/std@0.129.0/node/_util/_util_callbackify.ts": "79928ad80df3e469f7dcdb198118a7436d18a9f6c08bd7a4382332ad25a718cf",
    "https://deno.land/std@0.129.0/node/_utils.ts": "c2c352e83c4c96f5ff994b1c8246bff2abcb21bfc3f1c06162cb3af1d201e615",
    "https://deno.land/std@0.129.0/node/buffer.ts": "fbecbf3f237fa49bec96e97ecf56a7b92d48037b3d11219288e68943cc921600",
    "https://deno.land/std@0.129.0/node/events.ts": "a1d40fc0dbccc944379ef968b80ea08f9fce579e88b5057fdb64e4f0812476dd",
    "https://deno.land/std@0.129.0/node/internal/buffer.mjs": "6662fe7fe517329453545be34cea27a24f8ccd6d09afd4f609f11ade2b6dfca7",
    "https://deno.land/std@0.129.0/node/internal/crypto/keys.ts": "16ce7b15a9fc5e4e3dee8fde75dae12f3d722558d5a1a6e65a9b4f86d64a21e9",
    "https://deno.land/std@0.129.0/node/internal/crypto/util.mjs": "1de55a47fdbed6721b467a77ba48fdd1550c10b5eee77bbdb602eaffee365a5e",
    "https://deno.land/std@0.129.0/node/internal/error_codes.ts": "ac03c4eae33de3a69d6c98e8678003207eecf75a6900eb847e3fea3c8c9e6d8f",
    "https://deno.land/std@0.129.0/node/internal/errors.ts": "0d3a1eb03b654beb29b8354759a6902f45a840d4f957e9a3c632a24ce4c32632",
    "https://deno.land/std@0.129.0/node/internal/hide_stack_frames.ts": "a91962ec84610bc7ec86022c4593cdf688156a5910c07b5bcd71994225c13a03",
    "https://deno.land/std@0.129.0/node/internal/normalize_encoding.mjs": "3779ec8a7adf5d963b0224f9b85d1bc974a2ec2db0e858396b5d3c2c92138a0a",
    "https://deno.land/std@0.129.0/node/internal/util.mjs": "684653b962fae84fd2bc08997291b1a50bed09b95dcfa7d35e3c4143163e879a",
    "https://deno.land/std@0.129.0/node/internal/util/comparisons.ts": "680b55fe8bdf1613633bc469fa0440f43162c76dbe36af9aa2966310e1bb9f6e",
    "https://deno.land/std@0.129.0/node/internal/util/debuglog.ts": "99e91bdf26f6c67861031f684817e1705a5bc300e81346585b396f413387edfb",
    "https://deno.land/std@0.129.0/node/internal/util/inspect.mjs": "d1c2569c66a3dab45eec03208f22ad4351482527859c0011a28a6c797288a0aa",
    "https://deno.land/std@0.129.0/node/internal/util/types.ts": "b2dacb8f1f5d28a51c4da5c5b75172b7fcf694073ce95ca141323657e18b0c60",
    "https://deno.land/std@0.129.0/node/internal/validators.mjs": "a7e82eafb7deb85c332d5f8d9ffef052f46a42d4a121eada4a54232451acc49a",
    "https://deno.land/std@0.129.0/node/internal_binding/_libuv_winerror.ts": "801e05c2742ae6cd42a5f0fd555a255a7308a65732551e962e5345f55eedc519",
    "https://deno.land/std@0.129.0/node/internal_binding/_node.ts": "e4075ba8a37aef4eb5b592c8e3807c39cb49ca8653faf8e01a43421938076c1b",
    "https://deno.land/std@0.129.0/node/internal_binding/_utils.ts": "1c50883b5751a9ea1b38951e62ed63bacfdc9d69ea665292edfa28e1b1c5bd94",
    "https://deno.land/std@0.129.0/node/internal_binding/_winerror.ts": "8811d4be66f918c165370b619259c1f35e8c3e458b8539db64c704fbde0a7cd2",
    "https://deno.land/std@0.129.0/node/internal_binding/buffer.ts": "722c62b85f966e0777b2d98c021b60e75d7f2c2dabc43413ef37d60dbd13a5d9",
    "https://deno.land/std@0.129.0/node/internal_binding/constants.ts": "aff06aac49eda4234bd3a2b0b8e1fbfc67824e281c532ff9960831ab503014cc",
    "https://deno.land/std@0.129.0/node/internal_binding/string_decoder.ts": "5cb1863763d1e9b458bc21d6f976f16d9c18b3b3f57eaf0ade120aee38fba227",
    "https://deno.land/std@0.129.0/node/internal_binding/types.ts": "4c26fb74ba2e45de553c15014c916df6789529a93171e450d5afb016b4c765e7",
    "https://deno.land/std@0.129.0/node/internal_binding/util.ts": "90364292e2bd598ab5d105b48ca49817b6708f2d1d9cbaf08b2b3ab5ca4c90a7",
    "https://deno.land/std@0.129.0/node/internal_binding/uv.ts": "3821bc5e676d6955d68f581988c961d77dd28190aba5a9c59f16001a4deb34ba",
    "https://deno.land/std@0.129.0/node/util.ts": "7fd6933b37af89a8e64d73dc6ee1732455a59e7e6d0965311fbd73cd634ea630",
    "https://deno.land/std@0.129.0/node/util/types.mjs": "f9288198cacd374b41bae7e92a23179d3160f4c0eaf14e19be3a4e7057219a60",
    "https://deno.land/std@0.129.0/path/_constants.ts": "df1db3ffa6dd6d1252cc9617e5d72165cd2483df90e93833e13580687b6083c3",
    "https://deno.land/std@0.129.0/path/_interface.ts": "ee3b431a336b80cf445441109d089b70d87d5e248f4f90ff906820889ecf8d09",
    "https://deno.land/std@0.129.0/path/_util.ts": "c1e9686d0164e29f7d880b2158971d805b6e0efc3110d0b3e24e4b8af2190d2b",
    "https://deno.land/std@0.129.0/path/common.ts": "bee563630abd2d97f99d83c96c2fa0cca7cee103e8cb4e7699ec4d5db7bd2633",
    "https://deno.land/std@0.129.0/path/glob.ts": "cb5255638de1048973c3e69e420c77dc04f75755524cb3b2e160fe9277d939ee",
    "https://deno.land/std@0.129.0/path/mod.ts": "4275129bb766f0e475ecc5246aa35689eeade419d72a48355203f31802640be7",
    "https://deno.land/std@0.129.0/path/posix.ts": "663e4a6fe30a145f56aa41a22d95114c4c5582d8b57d2d7c9ed27ad2c47636bb",
    "https://deno.land/std@0.129.0/path/separator.ts": "fe1816cb765a8068afb3e8f13ad272351c85cbc739af56dacfc7d93d710fe0f9",
    "https://deno.land/std@0.129.0/path/win32.ts": "e7bdf63e8d9982b4d8a01ef5689425c93310ece950e517476e22af10f41a136e",
    "https://deno.land/std@0.129.0/streams/conversion.ts": "712585bfa0172a97fb68dd46e784ae8ad59d11b88079d6a4ab098ff42e697d21",
    "https://deno.land/std@0.129.0/testing/_diff.ts": "9d849cd6877694152e01775b2d93f9d6b7aef7e24bfe3bfafc4d7a1ac8e9f392",
    "https://deno.land/std@0.129.0/testing/asserts.ts": "0a95d9e8076dd3e7f0eeb605a67c148078b4b11f4abcd5eef115b0361b0736a2",
    "https://deno.land/std@0.150.0/media_types/_util.ts": "ce9b4fc4ba1c447dafab619055e20fd88236ca6bdd7834a21f98bd193c3fbfa1",
    "https://deno.land/std@0.150.0/media_types/mod.ts": "2d4b6f32a087029272dc59e0a55ae3cc4d1b27b794ccf528e94b1925795b3118",
    "https://deno.land/std@0.150.0/media_types/vendor/mime-db.v1.52.0.ts": "724cee25fa40f1a52d3937d6b4fbbfdd7791ff55e1b7ac08d9319d5632c7f5af",
    "https://deno.land/std@0.191.0/fmt/colors.ts": "d67e3cd9f472535241a8e410d33423980bec45047e343577554d3356e1f0ef4e",
    "https://deno.land/std@0.191.0/testing/_diff.ts": "1a3c044aedf77647d6cac86b798c6417603361b66b54c53331b312caeb447aea",
    "https://deno.land/std@0.191.0/testing/_format.ts": "a69126e8a469009adf4cf2a50af889aca364c349797e63174884a52ff75cf4c7",
    "https://deno.land/std@0.191.0/testing/asserts.ts": "e16d98b4d73ffc4ed498d717307a12500ae4f2cbe668f1a215632d19fcffc22f",
    "https://deno.land/std@0.203.0/assert/assert.ts": "9a97dad6d98c238938e7540736b826440ad8c1c1e54430ca4c4e623e585607ee",
    "https://deno.land/std@0.203.0/assert/assertion_error.ts": "4d0bde9b374dfbcbe8ac23f54f567b77024fb67dbb1906a852d67fe050d42f56",
    "https://deno.land/std@0.203.0/path/_basename.ts": "057d420c9049821f983f784fd87fa73ac471901fb628920b67972b0f44319343",
    "https://deno.land/std@0.203.0/path/_constants.ts": "e49961f6f4f48039c0dfed3c3f93e963ca3d92791c9d478ac5b43183413136e0",
    "https://deno.land/std@0.203.0/path/_dirname.ts": "355e297236b2218600aee7a5301b937204c62e12da9db4b0b044993d9e658395",
    "https://deno.land/std@0.203.0/path/_extname.ts": "eaaa5aae1acf1f03254d681bd6a8ce42a9cb5b7ff2213a9d4740e8ab31283664",
    "https://deno.land/std@0.203.0/path/_format.ts": "4a99270d6810f082e614309164fad75d6f1a483b68eed97c830a506cc589f8b4",
    "https://deno.land/std@0.203.0/path/_from_file_url.ts": "6eadfae2e6f63ad9ee46b26db4a1b16583055c0392acedfb50ed2fc694b6f581",
    "https://deno.land/std@0.203.0/path/_interface.ts": "6471159dfbbc357e03882c2266d21ef9afdb1e4aa771b0545e90db58a0ba314b",
    "https://deno.land/std@0.203.0/path/_is_absolute.ts": "05dac10b5e93c63198b92e3687baa2be178df5321c527dc555266c0f4f51558c",
    "https://deno.land/std@0.203.0/path/_join.ts": "815f5e85b042285175b1492dd5781240ce126c23bd97bad6b8211fe7129c538e",
    "https://deno.land/std@0.203.0/path/_normalize.ts": "a19ec8706b2707f9dd974662a5cd89fad438e62ab1857e08b314a8eb49a34d81",
    "https://deno.land/std@0.203.0/path/_os.ts": "30b0c2875f360c9296dbe6b7f2d528f0f9c741cecad2e97f803f5219e91b40a2",
    "https://deno.land/std@0.203.0/path/_parse.ts": "0f9b0ff43682dd9964eb1c4398610c4e165d8db9d3ac9d594220217adf480cfa",
    "https://deno.land/std@0.203.0/path/_relative.ts": "27bdeffb5311a47d85be26d37ad1969979359f7636c5cd9fcf05dcd0d5099dc5",
    "https://deno.land/std@0.203.0/path/_resolve.ts": "7a3616f1093735ed327e758313b79c3c04ea921808ca5f19ddf240cb68d0adf6",
    "https://deno.land/std@0.203.0/path/_to_file_url.ts": "a141e4a525303e1a3a0c0571fd024552b5f3553a2af7d75d1ff3a503dcbb66d8",
    "https://deno.land/std@0.203.0/path/_to_namespaced_path.ts": "0d5f4caa2ed98ef7a8786286df6af804b50e38859ae897b5b5b4c8c5930a75c8",
    "https://deno.land/std@0.203.0/path/_util.ts": "4e191b1bac6b3bf0c31aab42e5ca2e01a86ab5a0d2e08b75acf8585047a86221",
    "https://deno.land/std@0.203.0/path/basename.ts": "bdfa5a624c6a45564dc6758ef2077f2822978a6dbe77b0a3514f7d1f81362930",
    "https://deno.land/std@0.203.0/path/common.ts": "ee7505ab01fd22de3963b64e46cff31f40de34f9f8de1fff6a1bd2fe79380000",
    "https://deno.land/std@0.203.0/path/dirname.ts": "b6533f4ee4174a526dec50c279534df5345836dfdc15318400b08c62a62a39dd",
    "https://deno.land/std@0.203.0/path/extname.ts": "62c4b376300795342fe1e4746c0de518b4dc9c4b0b4617bfee62a2973a9555cf",
    "https://deno.land/std@0.203.0/path/format.ts": "110270b238514dd68455a4c54956215a1aff7e37e22e4427b7771cefe1920aa5",
    "https://deno.land/std@0.203.0/path/from_file_url.ts": "9f5cb58d58be14c775ec2e57fc70029ac8b17ed3bd7fe93e475b07280adde0ac",
    "https://deno.land/std@0.203.0/path/glob.ts": "593e2c3573883225c25c5a21aaa8e9382a696b8e175ea20a3b6a1471ad17aaed",
    "https://deno.land/std@0.203.0/path/is_absolute.ts": "0b92eb35a0a8780e9f16f16bb23655b67dace6a8e0d92d42039e518ee38103c1",
    "https://deno.land/std@0.203.0/path/join.ts": "31c5419f23d91655b08ec7aec403f4e4cd1a63d39e28f6e42642ea207c2734f8",
    "https://deno.land/std@0.203.0/path/mod.ts": "6e1efb0b13121463aedb53ea51dabf5639a3172ab58c89900bbb72b486872532",
    "https://deno.land/std@0.203.0/path/normalize.ts": "6ea523e0040979dd7ae2f1be5bf2083941881a252554c0f32566a18b03021955",
    "https://deno.land/std@0.203.0/path/parse.ts": "be8de342bb9e1924d78dc4d93c45215c152db7bf738ec32475560424b119b394",
    "https://deno.land/std@0.203.0/path/posix.ts": "0a1c1952d132323a88736d03e92bd236f3ed5f9f079e5823fae07c8d978ee61b",
    "https://deno.land/std@0.203.0/path/relative.ts": "8bedac226afd360afc45d451a6c29fabceaf32978526bcb38e0c852661f66c61",
    "https://deno.land/std@0.203.0/path/resolve.ts": "133161e4949fc97f9ca67988d51376b0f5eef8968a6372325ab84d39d30b80dc",
    "https://deno.land/std@0.203.0/path/separator.ts": "40a3e9a4ad10bef23bc2cd6c610291b6c502a06237c2c4cd034a15ca78dedc1f",
    "https://deno.land/std@0.203.0/path/to_file_url.ts": "00e6322373dd51ad109956b775e4e72e5f9fa68ce2c6b04e4af2a6eed3825d31",
    "https://deno.land/std@0.203.0/path/to_namespaced_path.ts": "1b1db3055c343ab389901adfbda34e82b7386bcd1c744d54f9c1496ee0fd0c3d",
    "https://deno.land/std@0.203.0/path/win32.ts": "8b3f80ef7a462511d5e8020ff490edcaa0a0d118f1b1e9da50e2916bdd73f9dd",
    "https://deno.land/std@0.52.0/fmt/colors.ts": "ec9d653672a9a3c7b6eafe53c5bc797364a2db2dcf766ab649c1155fea7a80b2",
    "https://deno.land/x/crc32@v0.2.0/mod.ts": "de7a3fa2d4ef24b96fc21e1cc4d2d65d1d2b1dcea92f63960e3e11bfa82df0fa",
    "https://deno.land/x/fluent_aws_codepipeline@v0.2.3/mod.ts": "79cc758901d20a3573d7e3cc2db9f0a5fe56833f4d9befcedc072b94d542eec7",
    "https://deno.land/x/fluent_aws_codepipeline@v0.2.3/src/buildspec.ts": "fb07cbbf9473586cea66c0c508412080c2d4ba4e7f4ea0985661afeed445710b",
    "https://deno.land/x/fluent_aws_codepipeline@v0.2.3/src/spec.ts": "c0ce4c6e2685e23a3abdeb9fc18012253199dae355b06189d8248b052301a63e",
    "https://deno.land/x/fluent_azure_pipelines@v0.2.0/mod.ts": "6f3c62419b96251dd1b5d8d6a172c0a8724a73b7feec786e540f51f0c8a0f0fd",
    "https://deno.land/x/fluent_azure_pipelines@v0.2.0/src/config.ts": "619f4c64dad9b510c5788d4939a8afe013cb7dfc993dfd32f2ff4d0a2140075e",
    "https://deno.land/x/fluent_azure_pipelines@v0.2.0/src/spec.ts": "cab6e4a6afb0f16e6c406cfab87264a963734720c468532c4f778228d1f1758d",
    "https://deno.land/x/fluent_circleci@v0.2.5/mod.ts": "6a885bf35dbe08a7e971aa105763d724dd2a09c237b6292c9cd5de540237af37",
    "https://deno.land/x/fluent_circleci@v0.2.5/src/config.ts": "d7e9902b4c2fddfa61ff6a509f3a09adee161fae9f93029dcbc8ec7a7bbd990b",
    "https://deno.land/x/fluent_circleci@v0.2.5/src/job.ts": "b6ffb66ef10cf0e26460a88e1614ef864b606571e8d72376eeb09254f66a9926",
    "https://deno.land/x/fluent_circleci@v0.2.5/src/spec.ts": "eda462e9ff535dbc7d3eb7e47253948d40ebaaf34d964e0931a6a25cdd823736",
    "https://deno.land/x/fluent_github_actions@v0.2.1/mod.ts": "dc62b622791da77bc27f68e33cba618983a0770a9a12dcc9e0f9a61161bb90e5",
    "https://deno.land/x/fluent_github_actions@v0.2.1/src/event.ts": "d44d42356a04aea7ba64ff9e9a12090f477605c27a940bbf80aba612e4e96d1e",
    "https://deno.land/x/fluent_github_actions@v0.2.1/src/job_spec.ts": "93aa5b8b79cd8baaf875901322c4c38c27d4458439a831cb0ad86401b207a3dc",
    "https://deno.land/x/fluent_github_actions@v0.2.1/src/step_spec.ts": "b399949d1fd9c45873cdda70d82c92e3d9d96ba9a1d5749f3010a1f242b20e35",
    "https://deno.land/x/fluent_github_actions@v0.2.1/src/workflow.ts": "c9e3b7b3a59f7edff958eae8f27a8542f2a24889ea27c8aa016d0c0b0ca416c6",
    "https://deno.land/x/fluent_github_actions@v0.2.1/src/workflow_spec.ts": "b5c696dc70ee3f777a565197c6a3a379d87d026e12d59942fef5b9dc72124c3a",
    "https://deno.land/x/fluent_gitlab_ci@v0.4.2/mod.ts": "3becefe569f5c9814dffa1b534794a42b948481753a5903fa1b48d5337206ced",
    "https://deno.land/x/fluent_gitlab_ci@v0.4.2/src/environment.ts": "f12ee4fb50e5100fccec29dc1d35aa430bfe8373e84286a8ab9f7b8e178f14e3",
    "https://deno.land/x/fluent_gitlab_ci@v0.4.2/src/gitlabci.ts": "ef36465c41412ae94b919cfcb80b99ec1c04536dbf42ad09cd73abf3ea4d52a6",
    "https://deno.land/x/fluent_gitlab_ci@v0.4.2/src/gitlabci_spec.ts": "37f4ecef3ea414f57c54a360bc0178f5fad21b4a9db59d29d1961cd368febaed",
    "https://deno.land/x/fluent_gitlab_ci@v0.4.2/src/index.ts": "b5e374a24e3bca1d6fead0861f2c1b1e09e087a17e59297263f681ee71c972fe",
    "https://deno.land/x/fluent_gitlab_ci@v0.4.2/src/job.ts": "65a5be7f5816846919907aab00530044b571570a54a8a0bc967f4269a2ce99b7",
    "https://deno.land/x/spinners@v1.1.2/mod.ts": "ed5b3562d4ea6c6887bc7e9844612b08a3bc3a3678ca77cc7dfdf461c362751e",
    "https://deno.land/x/spinners@v1.1.2/spinner-types.ts": "c67e6962a0c738aa57b4d3ad9fe06c8c0131f93360acbf95456f2ba200fd8826",
    "https://deno.land/x/spinners@v1.1.2/terminal-spinner.ts": "1cf0c38a423781734e2e538323c1992027830d741e90f0b81f532e5bc993d035",
    "https://deno.land/x/spinners@v1.1.2/util.ts": "7083203bedbda2e6144a14a7dd093747a7a01e73d95637c888bae8ac22a1c58b",
    "https://deno.land/x/xhr@0.3.0/mod.ts": "094aacd627fd9635cd942053bf8032b5223b909858fa9dc8ffa583752ff63b20",
    "https://deno.land/x/zod@v3.22.1/ZodError.ts": "4de18ff525e75a0315f2c12066b77b5c2ae18c7c15ef7df7e165d63536fdf2ea",
    "https://deno.land/x/zod@v3.22.1/errors.ts": "5285922d2be9700cc0c70c95e4858952b07ae193aa0224be3cbd5cd5567eabef",
    "https://deno.land/x/zod@v3.22.1/external.ts": "a6cfbd61e9e097d5f42f8a7ed6f92f93f51ff927d29c9fbaec04f03cbce130fe",
    "https://deno.land/x/zod@v3.22.1/helpers/enumUtil.ts": "54efc393cc9860e687d8b81ff52e980def00fa67377ad0bf8b3104f8a5bf698c",
    "https://deno.land/x/zod@v3.22.1/helpers/errorUtil.ts": "7a77328240be7b847af6de9189963bd9f79cab32bbc61502a9db4fe6683e2ea7",
    "https://deno.land/x/zod@v3.22.1/helpers/parseUtil.ts": "f791e6e65a0340d85ad37d26cd7a3ba67126cd9957eac2b7163162155283abb1",
    "https://deno.land/x/zod@v3.22.1/helpers/partialUtil.ts": "998c2fe79795257d4d1cf10361e74492f3b7d852f61057c7c08ac0a46488b7e7",
    "https://deno.land/x/zod@v3.22.1/helpers/typeAliases.ts": "0fda31a063c6736fc3cf9090dd94865c811dfff4f3cb8707b932bf937c6f2c3e",
    "https://deno.land/x/zod@v3.22.1/helpers/util.ts": "8baf19b19b2fca8424380367b90364b32503b6b71780269a6e3e67700bb02774",
    "https://deno.land/x/zod@v3.22.1/index.ts": "d27aabd973613985574bc31f39e45cb5d856aa122ef094a9f38a463b8ef1a268",
    "https://deno.land/x/zod@v3.22.1/locales/en.ts": "a7a25cd23563ccb5e0eed214d9b31846305ddbcdb9c5c8f508b108943366ab4c",
    "https://deno.land/x/zod@v3.22.1/mod.ts": "64e55237cb4410e17d968cd08975566059f27638ebb0b86048031b987ba251c4",
    "https://deno.land/x/zod@v3.22.1/types.ts": "4edc1823385f446532c8c9f676d84550c6dc54b17135e34508576647d9612d0e",
    "https://esm.sh/@dagger.io/dagger@0.8.8": "615a37f0edf04b25a6efefe7ea8c4cb0f801830b5dbe0a57164919e16a3ef6e6",
    "https://esm.sh/graphql-tag@2.12.6": "6e93f81d26bddf63270317b4fce53a03747ec5322a26e5b78fb0abd098a1f6ea",
    "https://esm.sh/nanoid@4.0.2": "51031602a4d76c7dd62da9439016cdfd6d1121101e489925e4423d88bf8fa0e1",
    "https://esm.sh/stringify-tree@1.1.1": "4d0252ece34f52f7f312a6d270ed2714e57e1610f7a7f71c2fdceceb948e87b2",
    "https://esm.sh/v128/cross-fetch@3.1.8/denonext/cross-fetch.mjs": "8fba9e7c3fbaf0d2168beb63ce0cd21b5bfbfbd77e2fcbf8d957d533a71222f6",
    "https://esm.sh/v128/graphql-request@6.1.0": "17f00c323eb825811ce14e2b0e88a0c873acb666c382ac963d1edeb03e01f372",
    "https://esm.sh/v128/graphql-request@6.1.0/denonext/graphql-request.mjs": "0b15f49d44489423ae6f06004725b6d050b6359da4969e6569bd6ad45065bd94",
    "https://esm.sh/v128/graphql@16.7.1/denonext/graphql.mjs": "418ad7c07b0f2d687f33b6275d3b5f317f4afbef1f462f318229f458dff45416",
    "https://esm.sh/v128/yaml@2.3.1": "8ef3aee065e93b03cebf8fd5a3418bc30131344b7f2b8c8ae27bf9f277416087",
    "https://esm.sh/v128/yaml@2.3.1/denonext/yaml.mjs": "71f677b4bfc69271af9d98db5194e354f9a1863955e208e26d32a9ef78bd89f5",
    "https://esm.sh/v131/yaml@2.3.1": "1fe2490feb3d9c6d2c71c64dbdbed90acd4164b00628b3c68a311b6731ca38b5",
    "https://esm.sh/v131/yaml@2.3.1/denonext/yaml.mjs": "71f677b4bfc69271af9d98db5194e354f9a1863955e208e26d32a9ef78bd89f5",
    "https://esm.sh/v133/@dagger.io/dagger@0.8.8/denonext/dagger.mjs": "c4bd80a72add877450ef029ab71091f862f02af8ebc7c4c7f5bb6aab1854095f",
    "https://esm.sh/v133/adm-zip@0.5.10/denonext/adm-zip.mjs": "9ccca01e6dea77f3c20386125c0eea2a811aa0f9b73243517b747264df8af046",
    "https://esm.sh/v133/chownr@2.0.0/denonext/chownr.mjs": "d7282b2612a9f13c62084c76fc72cdfb20503bccce959178b77b6def14d3ffd2",
    "https://esm.sh/v133/cross-fetch@3.1.8/denonext/cross-fetch.mjs": "8fba9e7c3fbaf0d2168beb63ce0cd21b5bfbfbd77e2fcbf8d957d533a71222f6",
    "https://esm.sh/v133/cross-spawn@7.0.3/denonext/cross-spawn.mjs": "0a698bfa213c75e5d20176a3f2f65870d31cd26745451d5f56c58e08df138118",
    "https://esm.sh/v133/env-paths@3.0.0/denonext/env-paths.mjs": "77984a05eb16450087f25060a070ed500ec546719d471143e16d976ca73ca956",
    "https://esm.sh/v133/execa@8.0.1/denonext/execa.mjs": "775e244075c8f23a4caf786116722314a5f2839ee135dba7fde444fc67d5e643",
    "https://esm.sh/v133/fs-minipass@2.1.0/denonext/fs-minipass.mjs": "de8b7228c151f04326a852ce57655d36bf9171f8efcd212e34ac8bce3fbd84a0",
    "https://esm.sh/v133/get-stream@8.0.1/denonext/get-stream.mjs": "b8ab640bf2638c1ae704a217b79e0a56e7a1f97bb48bbe40d723d5ea87eb0ecb",
    "https://esm.sh/v133/graphql-request@6.1.0/denonext/graphql-request.mjs": "7206b27d14333f19f8d2aa3615a81f9e3035f4d33b7a9edff44f990e69fe1964",
    "https://esm.sh/v133/graphql-tag@2.12.6/denonext/graphql-tag.mjs": "af56d5f8b96e688f433ccca87d8a2bfcf171686e7f7a3b27cde61df816ad8472",
    "https://esm.sh/v133/graphql@16.8.1/denonext/graphql.mjs": "585b84022623b931e27a7a8134cd24ec50b33ea12fd18b43254527628a0fddac",
    "https://esm.sh/v133/human-signals@5.0.0/denonext/human-signals.mjs": "8d8663d92280b1ed15bb1b1a0a79601e17f6b165335e85f94c40e56129542077",
    "https://esm.sh/v133/is-stream@3.0.0/denonext/is-stream.mjs": "5c8b65f2fa051c4b18e88bbae11dac8bba9caf57752577d69bcea86d1f05c5b7",
    "https://esm.sh/v133/isexe@2.0.0/denonext/isexe.mjs": "4675d9d53a332f096efd344cb1418dbda8e6f2effc8a5c81edd43cdd56636be7",
    "https://esm.sh/v133/lodash.flatten@4.4.0/denonext/lodash.flatten.mjs": "8e86ab607deea15cc3c1acfb5eae278ecbc5b80f24167b4e8f4c56df3278cd55",
    "https://esm.sh/v133/merge-stream@2.0.0/denonext/merge-stream.mjs": "2c2af22401c294158d6bff659d157e3d2c028c218cc1bd2246534a45a4c03c61",
    "https://esm.sh/v133/mimic-fn@4.0.0/denonext/mimic-fn.mjs": "10bcf0f2f20cbbba0c289ef7bf4d2422639bbc1c36c247be876afd6fe2d67138",
    "https://esm.sh/v133/minipass@3.3.6/denonext/minipass.mjs": "195894c7a7f1fb71de48b4a41af182cd3ad0e357cadc0ad9d8b5340cda895cc0",
    "https://esm.sh/v133/minipass@5.0.0/denonext/minipass.mjs": "de0e049728f8c387b58c86439eb9d69a16b6a88756a6bc694e2fecbd7fd00401",
    "https://esm.sh/v133/minizlib@2.1.2/denonext/minizlib.mjs": "714b5458f010d3f70aebd738dd14f2099d3f33046bef05cef2db4714b828620a",
    "https://esm.sh/v133/mkdirp@1.0.4/denonext/mkdirp.mjs": "53abed4328bbe5c844cbc8363ee1b45b4db2bdcdaec770cd1d08e5917af18de3",
    "https://esm.sh/v133/nanoid@4.0.2/denonext/nanoid.mjs": "4f26e89bc0867e6a838069435b3d75af305017d87ce5b51c9d6edc680954b52f",
    "https://esm.sh/v133/node-color-log@10.0.2/denonext/node-color-log.mjs": "2504391bd0ce1dd4c2bf0ed0b839b8a3ad84c028d9dd17cc58dccd2e14dacfde",
    "https://esm.sh/v133/node_fetch.js": "b11355358cf61343a3c30bd5942df60a3586d13e2c979b515164bfe851662798",
    "https://esm.sh/v133/npm-run-path@5.1.0/denonext/npm-run-path.mjs": "0b4d70b3aa79c6f5d9b021d5eaceff7029ebc1b0784b00b572ce4869bcd24cb0",
    "https://esm.sh/v133/onetime@6.0.0/denonext/onetime.mjs": "88857d05735668f3e431f95626780c156c7698cfa6bc81175d48ddf4402dffe0",
    "https://esm.sh/v133/original-fs@1.2.0/denonext/original-fs.mjs": "2b1098818e54d2c6748ff5b0dd9ea5f6a61b4b6d0f63fb625f21773d11cfc667",
    "https://esm.sh/v133/path-key@3.1.1/denonext/path-key.mjs": "add83c631278b7df9b33ae84e41142db88bb291295bcc27eb4e77a1cbdfa71d0",
    "https://esm.sh/v133/path-key@4.0.0/denonext/path-key.mjs": "2c2e3922bd0e6e414fa2752ff800bdc6b9208035ce797fa22e49b859f8259417",
    "https://esm.sh/v133/shebang-command@2.0.0/denonext/shebang-command.mjs": "23d8e6099e8d3927b5ea0e396d3da92e082dfa32f27d36df9e892a8653b08437",
    "https://esm.sh/v133/shebang-regex@3.0.0/denonext/shebang-regex.mjs": "03983ba59dd2cba9402935e21b46d05f5249364cba9f5757aef23c6c2fea65b9",
    "https://esm.sh/v133/signal-exit@4.1.0/denonext/signal-exit.mjs": "c450b9024df3b59ded71e7b52aada1ac4b3856aad93e9d64bbc6ea3cdd181824",
    "https://esm.sh/v133/stringify-tree@1.1.1/denonext/stringify-tree.mjs": "7640f153ff571180467c1087934154aa2a96acba9e17d5782daeb6e1f6b45759",
    "https://esm.sh/v133/strip-final-newline@3.0.0/denonext/strip-final-newline.mjs": "03d9be4e8a249d63cbbddeb2fb675a1bbbcb335283e604d4ce56c88c90e6f102",
    "https://esm.sh/v133/tar@6.2.0/denonext/tar.mjs": "e13b28512d8a017442db9665e2c4bf7f134c1b74deb96ba5fd07e5ec6c905617",
    "https://esm.sh/v133/tslib@2.6.2/denonext/tslib.mjs": "29782bcd3139f77ec063dc5a9385c0fff4a8d0a23b6765c73d9edeb169a04bf1",
    "https://esm.sh/v133/which@2.0.2/denonext/which.mjs": "15c7fcc13cfe719c1854f470278518f158f85fa040aeb0f02ef40676c25f26c0",
    "https://esm.sh/v133/yallist@4.0.0/denonext/yallist.mjs": "61f180d807dda50bac17028eda05d5722a3fecef6e98a9064e2353ea6864fd82",
    "https://esm.sh/v133/yaml@2.3.1/denonext/yaml.mjs": "71f677b4bfc69271af9d98db5194e354f9a1863955e208e26d32a9ef78bd89f5",
    "https://esm.sh/yaml@v2.3.1": "1eebb55f799726dfa0698314b3ba178bc478cba64b31c8309284899c96f8ff8f",
    "https://nix.fluentci.io/v0.5.2/deps.ts": "6ccc8510c72998a52c24bc02c848b669413b5ef1d15dccd7e03a25dd0e408564",
    "https://nix.fluentci.io/v0.5.2/src/dagger/steps.ts": "b766f4fa9624a032e7af884a5ca47bc666a529c4a472d38b74b55ca0d63cf81d",
    "https://sdk.fluentci.io/v0.2.0/deps.ts": "20dd191afaf88662b82c2a42164afe6d06f2e79942f40ce07aa0972719fc858f",
    "https://sdk.fluentci.io/v0.2.0/mod.ts": "261ba81a4728f5def4e327a5cd80664ea8449515a2f4eea5f3f416acae39a1fa",
    "https://sdk.fluentci.io/v0.2.0/src/client.ts": "d350d4f59763e32a9b35f3f06f0b1058e5c8e5a3824e6d096cdaf3fc4332dcf6",
    "https://sdk.fluentci.io/v0.2.0/src/connect.ts": "4aff111c403cf78672384a10214a9885e08319dde579ec458f98a7bb04874101",
    "https://sdk.fluentci.io/v0.2.0/src/context.ts": "2939ff58d0a79d7377d5553e725c9a2110a0013035a5a57abe9a9a5da975c4ce",
    "https://sdk.fluentci.io/v0.2.0/src/utils.ts": "5dcd6d83553930502069d067ff42bc44698e22c23426fdb78630c4b39769d308"
  }
}
