{
  "version": "2",
  "remote": {
    "https://deno.land/std@0.150.0/media_types/_util.ts": "ce9b4fc4ba1c447dafab619055e20fd88236ca6bdd7834a21f98bd193c3fbfa1",
    "https://deno.land/std@0.150.0/media_types/mod.ts": "2d4b6f32a087029272dc59e0a55ae3cc4d1b27b794ccf528e94b1925795b3118",
    "https://deno.land/std@0.150.0/media_types/vendor/mime-db.v1.52.0.ts": "724cee25fa40f1a52d3937d6b4fbbfdd7791ff55e1b7ac08d9319d5632c7f5af",
    "https://deno.land/std@0.191.0/fmt/colors.ts": "d67e3cd9f472535241a8e410d33423980bec45047e343577554d3356e1f0ef4e",
    "https://deno.land/x/xhr@0.3.0/mod.ts": "094aacd627fd9635cd942053bf8032b5223b909858fa9dc8ffa583752ff63b20",
    "https://esm.sh/stringify-tree@1.1.1": "8d994a105481fa944515323d89bd2596c1de79f3d9bd1386266463934716eca0",
    "https://esm.sh/v128/*@dagger.io/dagger@0.6.3": "cb691a77c0cdaee22f2b8393731b5143c83ce22dbbea204cdbfd203768d15b64",
    "https://esm.sh/v128/@dagger.io/dagger@0.6.3/X-ZS8q/denonext/dagger.mjs": "fd0901784d75b99615b5409c3654b5c7edfc5ba377c9e1a5a67ffff4f7d3ac32",
    "https://esm.sh/v128/adm-zip@0.5.10": "d9c54d6d2dd788462781a57d923295bd79304e6fd74b242fd4b30e35b39c5dcf",
    "https://esm.sh/v128/adm-zip@0.5.10/denonext/adm-zip.mjs": "07a9731547905e0ca55ae917e1969d7f6d04fb3773f906ce3306891337eb4849",
    "https://esm.sh/v128/chownr@2.0.0/denonext/chownr.mjs": "30b8f17084dfbe475a5052b615f706b06ddd17dca0535103340d485c6b94e952",
    "https://esm.sh/v128/cross-fetch@3.1.8/denonext/cross-fetch.mjs": "8fba9e7c3fbaf0d2168beb63ce0cd21b5bfbfbd77e2fcbf8d957d533a71222f6",
    "https://esm.sh/v128/cross-spawn@7.0.3/denonext/cross-spawn.mjs": "0569a26e7ad4b3376516cbc9b1942e10961a58030eadcea8c848e6b956eb355c",
    "https://esm.sh/v128/data-uri-to-buffer@4.0.1/denonext/data-uri-to-buffer.mjs": "70ef987b1da58391495ecfad9888d996469224faf3cd996d81dc2e059feb9f31",
    "https://esm.sh/v128/env-paths@3.0.0": "8400fb23319be9b30d7b40d1c865541c5b3c7726cdf9b74000bc0f1678d52ecf",
    "https://esm.sh/v128/env-paths@3.0.0/denonext/env-paths.mjs": "77984a05eb16450087f25060a070ed500ec546719d471143e16d976ca73ca956",
    "https://esm.sh/v128/execa@7.1.1": "a40c7030df81ab0847a5d844f4c5c6420af973dff05fef88e53cbb9b8667fdc2",
    "https://esm.sh/v128/execa@7.1.1/denonext/execa.mjs": "9d5943544c0df3761b52f2c095f89a03ca6c028d818a8f0475ff883b0408f154",
    "https://esm.sh/v128/fetch-blob@3.2.0/denonext/fetch-blob.mjs": "0531568b36c0f6db3e9825fbb2d08dee51100eb675c2bf1d98d6971a92010721",
    "https://esm.sh/v128/fetch-blob@3.2.0/denonext/file.js": "fd82828163a4e7bdc15190d8c3dbfd92f93274d05bd7f7f5ab81093e3ad7e9c2",
    "https://esm.sh/v128/fetch-blob@3.2.0/denonext/from.js": "7d3258c7960755497f90879806f0b815d5e564c2ac1523238af5cb9552ff5c45",
    "https://esm.sh/v128/formdata-polyfill@4.0.10/denonext/esm.min.js": "b6d65a204e81eca699d9eb6f867e9efffa42db39a8f161690915a89e5eb1766f",
    "https://esm.sh/v128/fs-minipass@2.1.0/denonext/fs-minipass.mjs": "74b00283d556b281bdfd6a669576d852f2c43702043c411985f8f8188d208c5d",
    "https://esm.sh/v128/get-stream@6.0.1/denonext/get-stream.mjs": "a947a16f8cb3052fd654a84f8b36b40ce96b6a5acfb3ad4ab69d814bcf3351fb",
    "https://esm.sh/v128/graphql-request@6.1.0": "17f00c323eb825811ce14e2b0e88a0c873acb666c382ac963d1edeb03e01f372",
    "https://esm.sh/v128/graphql-request@6.1.0/denonext/graphql-request.mjs": "0b15f49d44489423ae6f06004725b6d050b6359da4969e6569bd6ad45065bd94",
    "https://esm.sh/v128/graphql-tag@2.12.6": "5bfa27da9c9918fb52a01b8579891e804e0365d91118df1f2e0957a72dacdc39",
    "https://esm.sh/v128/graphql-tag@2.12.6/denonext/graphql-tag.mjs": "331d09949efc4ac60c84a69b52a7da8b333210493900e54953ae4604c9874527",
    "https://esm.sh/v128/graphql@16.7.1/denonext/graphql.mjs": "418ad7c07b0f2d687f33b6275d3b5f317f4afbef1f462f318229f458dff45416",
    "https://esm.sh/v128/human-signals@4.3.1/denonext/human-signals.mjs": "3889110cedd907804443d018cffe0a1d892d5e7467661376caf967feff55cbe9",
    "https://esm.sh/v128/is-stream@3.0.0/denonext/is-stream.mjs": "5c8b65f2fa051c4b18e88bbae11dac8bba9caf57752577d69bcea86d1f05c5b7",
    "https://esm.sh/v128/isexe@2.0.0/denonext/isexe.mjs": "3cfefd270d1bfdfb864ee98dbb8f41d150cbf480925158f4a8f0ade8a9e17d6c",
    "https://esm.sh/v128/merge-stream@2.0.0/denonext/merge-stream.mjs": "2c2af22401c294158d6bff659d157e3d2c028c218cc1bd2246534a45a4c03c61",
    "https://esm.sh/v128/mimic-fn@4.0.0/denonext/mimic-fn.mjs": "10bcf0f2f20cbbba0c289ef7bf4d2422639bbc1c36c247be876afd6fe2d67138",
    "https://esm.sh/v128/minipass@3.3.6/denonext/minipass.mjs": "59bbe430514455e78cb30c389b21af66efb2bf010cda071820a17d8c76d0d1cf",
    "https://esm.sh/v128/minipass@5.0.0/denonext/minipass.mjs": "de0e049728f8c387b58c86439eb9d69a16b6a88756a6bc694e2fecbd7fd00401",
    "https://esm.sh/v128/minizlib@2.1.2/denonext/minizlib.mjs": "0d919b6a0c60d5a31e14d748ff9d62aeae2923b604bcc6a22f90fa4bbd400d68",
    "https://esm.sh/v128/mkdirp@1.0.4/denonext/mkdirp.mjs": "ee129b32e55dd8bede6b1bbd1978f7775fa5e2720d5a7ae07bf1e8c99abd77c7",
    "https://esm.sh/v128/node-color-log@10.0.2": "05a277987c64153af1252167135076155fdc6b39ca260b2bdc39750da12d2a2d",
    "https://esm.sh/v128/node-color-log@10.0.2/denonext/node-color-log.mjs": "2504391bd0ce1dd4c2bf0ed0b839b8a3ad84c028d9dd17cc58dccd2e14dacfde",
    "https://esm.sh/v128/node-domexception@1.0.0/denonext/node-domexception.mjs": "bb35ba54c1a2b35870618876c0c96310a28ae58aecff33c8eed58a582e270ff4",
    "https://esm.sh/v128/node-fetch@3.3.1": "916dcee177a69fb0e46970c528cb66fcd4973488f861844c0a235bfc645b0506",
    "https://esm.sh/v128/node-fetch@3.3.1/denonext/node-fetch.mjs": "dc3a8f1f2fc9eb26d0d33e49f3750acc265d51a1a54bbd670c5d9f640b633a93",
    "https://esm.sh/v128/node-fetch@3.3.1/denonext/src/utils/multipart-parser.js": "713b1b8cbafc4bfb7358debeb35d507e0d2328f0a28b8a2a7d79a3e5e4f5e5b8",
    "https://esm.sh/v128/npm-run-path@5.1.0/denonext/npm-run-path.mjs": "3540b8c2dd1430f10d580f323f3a51aa30094da27a9220cce03ce69884b163bb",
    "https://esm.sh/v128/onetime@6.0.0/denonext/onetime.mjs": "6e362222575d815f37fb813168d7069dd6a0f6bb6f972ed54d1bccb0f9fb3e1b",
    "https://esm.sh/v128/original-fs@1.2.0/denonext/original-fs.mjs": "2b1098818e54d2c6748ff5b0dd9ea5f6a61b4b6d0f63fb625f21773d11cfc667",
    "https://esm.sh/v128/path-key@3.1.1/denonext/path-key.mjs": "add83c631278b7df9b33ae84e41142db88bb291295bcc27eb4e77a1cbdfa71d0",
    "https://esm.sh/v128/path-key@4.0.0/denonext/path-key.mjs": "2c2e3922bd0e6e414fa2752ff800bdc6b9208035ce797fa22e49b859f8259417",
    "https://esm.sh/v128/shebang-command@2.0.0/denonext/shebang-command.mjs": "404e0fb09a782ca9495d53c721bb84b673b7b2e1054e021852143a6b91ca0e4f",
    "https://esm.sh/v128/shebang-regex@3.0.0/denonext/shebang-regex.mjs": "03983ba59dd2cba9402935e21b46d05f5249364cba9f5757aef23c6c2fea65b9",
    "https://esm.sh/v128/signal-exit@3.0.7/denonext/signal-exit.mjs": "2a176e5f9b351fa8057213c627a1503d63bf308b64447ef47f1ca6fbb2a91c81",
    "https://esm.sh/v128/strip-final-newline@3.0.0/denonext/strip-final-newline.mjs": "03d9be4e8a249d63cbbddeb2fb675a1bbbcb335283e604d4ce56c88c90e6f102",
    "https://esm.sh/v128/tar@6.1.15": "0460339f8aba5f287e8bebe258fe3fe13cb12f85820693f25724f0d98ef1258e",
    "https://esm.sh/v128/tar@6.1.15/denonext/tar.mjs": "6194d892de8457b3b1f11d5cbacda1d540b453b45e8cb9f5f610abfb3e490b65",
    "https://esm.sh/v128/tslib@2.6.0/denonext/tslib.mjs": "2215292e6fcf28a7a081eee911f127bb3c44cdd61ff0651e3e384d7a49b4e42b",
    "https://esm.sh/v128/web-streams-polyfill@3.2.1/denonext/dist/ponyfill.es2018.js": "a2edb52a93494cda06386b3d6a168016b366e78f02c5eff1f94a0240be12ac96",
    "https://esm.sh/v128/which@2.0.2/denonext/which.mjs": "86bf76e4937edb7fa3464d7bb9a426ef273684d1cefbec5ba5f1bdcb5cafff91",
    "https://esm.sh/v128/yallist@4.0.0/denonext/yallist.mjs": "61f180d807dda50bac17028eda05d5722a3fecef6e98a9064e2353ea6864fd82",
    "https://esm.sh/v130/lodash.flatten@4.4.0/denonext/lodash.flatten.mjs": "8e86ab607deea15cc3c1acfb5eae278ecbc5b80f24167b4e8f4c56df3278cd55",
    "https://esm.sh/v130/stringify-tree@1.1.1/denonext/stringify-tree.mjs": "40a9d40e0282b5432302a3da68b88aa11685bc0b8a0b70246168deed5c5773fe"
  }
}
